{
  "name": "test-pack",
  "version": "1.0.0",
  "lockfileVersion": 1,
  "requires": true,
  "dependencies": {
    "@babel/runtime": {
      "version": "7.19.0",
      "resolved": "https://registry.npmmirror.com/@babel/runtime/-/runtime-7.19.0.tgz",
      "integrity": "sha512-eR8Lo9hnDS7tqkO7NsV+mKvCmv5boaXFSZ70DnfhcgiEne8hv9oCEd36Klw74EtizEqLsy4YnW8UWwpBVolHZA==",
      "requires": {
        "regenerator-runtime": "^0.13.4"
      }
    },
    "@koa/router": {
      "version": "12.0.0",
      "resolved": "https://registry.npmmirror.com/@koa/router/-/router-12.0.0.tgz",
      "integrity": "sha512-cnnxeKHXlt7XARJptflGURdJaO+ITpNkOHmQu7NHmCoRinPbyvFzce/EG/E8Zy81yQ1W9MoSdtklc3nyaDReUw==",
      "requires": {
        "http-errors": "^2.0.0",
        "koa-compose": "^4.1.0",
        "methods": "^1.1.2",
        "path-to-regexp": "^6.2.1"
      },
      "dependencies": {
        "http-errors": {
          "version": "2.0.0",
          "resolved": "https://registry.npmmirror.com/http-errors/-/http-errors-2.0.0.tgz",
          "integrity": "sha512-FtwrG/euBzaEjYeRqOgly7G0qviiXoJWnvEH2Z1plBdXgbyjv34pHTSb9zoeHMyDy33+DWy5Wt9Wo+TURtOYSQ==",
          "requires": {
            "depd": "2.0.0",
            "inherits": "2.0.4",
            "setprototypeof": "1.2.0",
            "statuses": "2.0.1",
            "toidentifier": "1.0.1"
          }
        },
        "statuses": {
          "version": "2.0.1",
          "resolved": "https://registry.npmmirror.com/statuses/-/statuses-2.0.1.tgz",
          "integrity": "sha512-RwNA9Z/7PrK06rYLIzFMlaF+l73iwpzsqRIFgbMLbTcLD6cOao82TaWefPXQvB2fOC4AjuYSEndS7N/mTCbkdQ=="
        }
      }
    },
    "@marchyang/browserslist-config-platform": {
      "version": "1.0.2",
      "resolved": "https://registry.npmmirror.com/@marchyang/browserslist-config-platform/-/browserslist-config-platform-1.0.2.tgz",
      "integrity": "sha512-eSYL1QFzKGpBtnSkYwSO14amh1oHzCa/3oxodhkxjftwzG1HF4f0/zFO3Y6UKExO4s7oLW3cMzOhJxot/ohSeQ=="
    },
    "@types/accepts": {
      "version": "1.3.5",
      "resolved": "https://registry.npmmirror.com/@types/accepts/-/accepts-1.3.5.tgz",
      "integrity": "sha512-jOdnI/3qTpHABjM5cx1Hc0sKsPoYCp+DP/GJRGtDlPd7fiV9oXGGIcjW/ZOxLIvjGz8MA+uMZI9metHlgqbgwQ==",
      "dev": true,
      "requires": {
        "@types/node": "*"
      }
    },
    "@types/body-parser": {
      "version": "1.19.2",
      "resolved": "https://registry.npmmirror.com/@types/body-parser/-/body-parser-1.19.2.tgz",
      "integrity": "sha512-ALYone6pm6QmwZoAgeyNksccT9Q4AWZQ6PvfwR37GT6r6FWUPguq6sUmNGSMV2Wr761oQoBxwGGa6DR5o1DC9g==",
      "dev": true,
      "requires": {
        "@types/connect": "*",
        "@types/node": "*"
      }
    },
    "@types/connect": {
      "version": "3.4.35",
      "resolved": "https://registry.npmmirror.com/@types/connect/-/connect-3.4.35.tgz",
      "integrity": "sha512-cdeYyv4KWoEgpBISTxWvqYsVy444DOqehiF3fM3ne10AmJ62RSyNkUnxMJXHQWRQQX2eR94m5y1IZyDwBjV9FQ==",
      "dev": true,
      "requires": {
        "@types/node": "*"
      }
    },
    "@types/content-disposition": {
      "version": "0.5.5",
      "resolved": "https://registry.npmmirror.com/@types/content-disposition/-/content-disposition-0.5.5.tgz",
      "integrity": "sha512-v6LCdKfK6BwcqMo+wYW05rLS12S0ZO0Fl4w1h4aaZMD7bqT3gVUns6FvLJKGZHQmYn3SX55JWGpziwJRwVgutA==",
      "dev": true
    },
    "@types/cookies": {
      "version": "0.7.7",
      "resolved": "https://registry.npmmirror.com/@types/cookies/-/cookies-0.7.7.tgz",
      "integrity": "sha512-h7BcvPUogWbKCzBR2lY4oqaZbO3jXZksexYJVFvkrFeLgbZjQkU4x8pRq6eg2MHXQhY0McQdqmmsxRWlVAHooA==",
      "dev": true,
      "requires": {
        "@types/connect": "*",
        "@types/express": "*",
        "@types/keygrip": "*",
        "@types/node": "*"
      }
    },
    "@types/express": {
      "version": "4.17.14",
      "resolved": "https://registry.npmmirror.com/@types/express/-/express-4.17.14.tgz",
      "integrity": "sha512-TEbt+vaPFQ+xpxFLFssxUDXj5cWCxZJjIcB7Yg0k0GMHGtgtQgpvx/MUQUeAkNbA9AAGrwkAsoeItdTgS7FMyg==",
      "dev": true,
      "requires": {
        "@types/body-parser": "*",
        "@types/express-serve-static-core": "^4.17.18",
        "@types/qs": "*",
        "@types/serve-static": "*"
      }
    },
    "@types/express-serve-static-core": {
      "version": "4.17.30",
      "resolved": "https://registry.npmmirror.com/@types/express-serve-static-core/-/express-serve-static-core-4.17.30.tgz",
      "integrity": "sha512-gstzbTWro2/nFed1WXtf+TtrpwxH7Ggs4RLYTLbeVgIkUQOI3WG/JKjgeOU1zXDvezllupjrf8OPIdvTbIaVOQ==",
      "dev": true,
      "requires": {
        "@types/node": "*",
        "@types/qs": "*",
        "@types/range-parser": "*"
      }
    },
    "@types/http-assert": {
      "version": "1.5.3",
      "resolved": "https://registry.npmmirror.com/@types/http-assert/-/http-assert-1.5.3.tgz",
      "integrity": "sha512-FyAOrDuQmBi8/or3ns4rwPno7/9tJTijVW6aQQjK02+kOQ8zmoNg2XJtAuQhvQcy1ASJq38wirX5//9J1EqoUA==",
      "dev": true
    },
    "@types/http-errors": {
      "version": "1.8.2",
      "resolved": "https://registry.npmmirror.com/@types/http-errors/-/http-errors-1.8.2.tgz",
      "integrity": "sha512-EqX+YQxINb+MeXaIqYDASb6U6FCHbWjkj4a1CKDBks3d/QiB2+PqBLyO72vLDgAO1wUI4O+9gweRcQK11bTL/w==",
      "dev": true
    },
    "@types/keygrip": {
      "version": "1.0.2",
      "resolved": "https://registry.npmmirror.com/@types/keygrip/-/keygrip-1.0.2.tgz",
      "integrity": "sha512-GJhpTepz2udxGexqos8wgaBx4I/zWIDPh/KOGEwAqtuGDkOUJu5eFvwmdBX4AmB8Odsr+9pHCQqiAqDL/yKMKw==",
      "dev": true
    },
    "@types/koa": {
      "version": "2.13.5",
      "resolved": "https://registry.npmmirror.com/@types/koa/-/koa-2.13.5.tgz",
      "integrity": "sha512-HSUOdzKz3by4fnqagwthW/1w/yJspTgppyyalPVbgZf8jQWvdIXcVW5h2DGtw4zYntOaeRGx49r1hxoPWrD4aA==",
      "dev": true,
      "requires": {
        "@types/accepts": "*",
        "@types/content-disposition": "*",
        "@types/cookies": "*",
        "@types/http-assert": "*",
        "@types/http-errors": "*",
        "@types/keygrip": "*",
        "@types/koa-compose": "*",
        "@types/node": "*"
      }
    },
    "@types/koa-compose": {
      "version": "3.2.5",
      "resolved": "https://registry.npmmirror.com/@types/koa-compose/-/koa-compose-3.2.5.tgz",
      "integrity": "sha512-B8nG/OoE1ORZqCkBVsup/AKcvjdgoHnfi4pZMn5UwAPCbhk/96xyv284eBYW8JlQbQ7zDmnpFr68I/40mFoIBQ==",
      "dev": true,
      "requires": {
        "@types/koa": "*"
      }
    },
    "@types/koa__router": {
      "version": "12.0.0",
      "resolved": "https://registry.npmmirror.com/@types/koa__router/-/koa__router-12.0.0.tgz",
      "integrity": "sha512-S6eHyZyoWCZLNHyy8j0sMW85cPrpByCbGGU2/BO4IzGiI87aHJ92lZh4E9xfsM9DcbCT469/OIqyC0sSJXSIBQ==",
      "dev": true,
      "requires": {
        "@types/koa": "*"
      }
    },
    "@types/mime": {
      "version": "3.0.1",
      "resolved": "https://registry.npmmirror.com/@types/mime/-/mime-3.0.1.tgz",
      "integrity": "sha512-Y4XFY5VJAuw0FgAqPNd6NNoV44jbq9Bz2L7Rh/J6jLTiHBSBJa9fxqQIvkIld4GsoDOcCbvzOUAbLPsSKKg+uA==",
      "dev": true
    },
    "@types/node": {
      "version": "18.7.18",
      "resolved": "https://registry.npmmirror.com/@types/node/-/node-18.7.18.tgz",
      "integrity": "sha512-m+6nTEOadJZuTPkKR/SYK3A2d7FZrgElol9UP1Kae90VVU4a6mxnPuLiIW1m4Cq4gZ/nWb9GrdVXJCoCazDAbg==",
      "dev": true
    },
    "@types/prop-types": {
      "version": "15.7.5",
      "resolved": "https://registry.npmmirror.com/@types/prop-types/-/prop-types-15.7.5.tgz",
      "integrity": "sha512-JCB8C6SnDoQf0cNycqd/35A7MjcnK+ZTqE7judS6o7utxUCg6imJg3QK2qzHKszlTjcj2cn+NwMB2i96ubpj7w==",
      "dev": true
    },
    "@types/qs": {
      "version": "6.9.7",
      "resolved": "https://registry.npmmirror.com/@types/qs/-/qs-6.9.7.tgz",
      "integrity": "sha512-FGa1F62FT09qcrueBA6qYTrJPVDzah9a+493+o2PCXsesWHIn27G98TsSMs3WPNbZIEj4+VJf6saSFpvD+3Zsw==",
      "dev": true
    },
    "@types/range-parser": {
      "version": "1.2.4",
      "resolved": "https://registry.npmmirror.com/@types/range-parser/-/range-parser-1.2.4.tgz",
      "integrity": "sha512-EEhsLsD6UsDM1yFhAvy0Cjr6VwmpMWqFBCb9w07wVugF7w9nfajxLuVmngTIpgS6svCnm6Vaw+MZhoDCKnOfsw==",
      "dev": true
    },
    "@types/react": {
      "version": "18.0.19",
      "resolved": "https://registry.npmmirror.com/@types/react/-/react-18.0.19.tgz",
      "integrity": "sha512-BDc3Q+4Q3zsn7k9xZrKfjWyJsSlEDMs38gD1qp2eDazLCdcPqAT+vq1ND+Z8AGel/UiwzNUk8ptpywgNQcJ1MQ==",
      "dev": true,
      "requires": {
        "@types/prop-types": "*",
        "@types/scheduler": "*",
        "csstype": "^3.0.2"
      }
    },
    "@types/react-dom": {
      "version": "18.0.6",
      "resolved": "https://registry.npmmirror.com/@types/react-dom/-/react-dom-18.0.6.tgz",
      "integrity": "sha512-/5OFZgfIPSwy+YuIBP/FgJnQnsxhZhjjrnxudMddeblOouIodEQ75X14Rr4wGSG/bknL+Omy9iWlLo1u/9GzAA==",
      "dev": true,
      "requires": {
        "@types/react": "*"
      }
    },
    "@types/scheduler": {
      "version": "0.16.2",
      "resolved": "https://registry.npmmirror.com/@types/scheduler/-/scheduler-0.16.2.tgz",
      "integrity": "sha512-hppQEBDmlwhFAXKJX2KnWLYu5yMfi91yazPb2l+lbJiwW+wdo1gNeRA+3RgNSO39WYX2euey41KEwnqesU2Jew==",
      "dev": true
    },
    "@types/serve-static": {
      "version": "1.15.0",
      "resolved": "https://registry.npmmirror.com/@types/serve-static/-/serve-static-1.15.0.tgz",
      "integrity": "sha512-z5xyF6uh8CbjAu9760KDKsH2FcDxZ2tFCsA4HIMWE6IkiYMXfVoa+4f9KX+FN0ZLsaMw1WNG2ETLA6N+/YA+cg==",
      "dev": true,
      "requires": {
        "@types/mime": "*",
        "@types/node": "*"
      }
    },
    "accepts": {
      "version": "1.3.8",
      "resolved": "https://registry.npmmirror.com/accepts/-/accepts-1.3.8.tgz",
      "integrity": "sha512-PYAthTa2m2VKxuvSD3DPC/Gy+U+sOA1LAuT8mkmRuvw+NACSaeXEQ+NHcVF7rONl6qcaxV3Uuemwawk+7+SJLw==",
      "requires": {
        "mime-types": "~2.1.34",
        "negotiator": "0.6.3"
      }
    },
    "base64-js": {
      "version": "0.0.2",
      "resolved": "https://registry.npmmirror.com/base64-js/-/base64-js-0.0.2.tgz",
      "integrity": "sha512-Pj9L87dCdGcKlSqPVUjD+q96pbIx1zQQLb2CUiWURfjiBELv84YX+0nGnKmyT/9KkC7PQk7UN1w+Al8bBozaxQ=="
    },
    "bops": {
      "version": "0.0.6",
      "resolved": "https://registry.npmmirror.com/bops/-/bops-0.0.6.tgz",
      "integrity": "sha512-EWD8/Ei9o/h/wmR3w/YL/8dGKe4rSFHlaO8VNNcuXnjXjeTgxdcmhjPf9hRCYlqTrBPZbKaht+FxZKahcob5UQ==",
      "requires": {
        "base64-js": "0.0.2",
        "to-utf8": "0.0.1"
      }
    },
    "buffers": {
      "version": "0.1.1",
      "resolved": "https://registry.npmmirror.com/buffers/-/buffers-0.1.1.tgz",
      "integrity": "sha512-9q/rDEGSb/Qsvv2qvzIzdluL5k7AaJOTrw23z9reQthrbF7is4CtlT0DXyO1oei2DCp4uojjzQ7igaSHp1kAEQ=="
    },
    "cache-content-type": {
      "version": "1.0.1",
      "resolved": "https://registry.npmmirror.com/cache-content-type/-/cache-content-type-1.0.1.tgz",
      "integrity": "sha512-IKufZ1o4Ut42YUrZSo8+qnMTrFuKkvyoLXUywKz9GJ5BrhOFGhLdkx9sG4KAnVvbY6kEcSFjLQul+DVmBm2bgA==",
      "requires": {
        "mime-types": "^2.1.18",
        "ylru": "^1.2.0"
      }
    },
    "co": {
      "version": "4.6.0",
      "resolved": "https://registry.npmmirror.com/co/-/co-4.6.0.tgz",
      "integrity": "sha512-QVb0dM5HvG+uaxitm8wONl7jltx8dqhfU33DcqtOZcLSVIKSDDLDi7+0LbAKiyI8hD9u42m2YxXSkMGWThaecQ=="
    },
    "concat-stream": {
      "version": "1.0.1",
      "resolved": "https://registry.npmmirror.com/concat-stream/-/concat-stream-1.0.1.tgz",
      "integrity": "sha512-nAHFsgeRVVvZ+aB3S1gLeN73fQ+tdOcw075BHbXMbC6MY0h6nqAkEeqPVCw8kRuDJJZDvaUjxI4jZv2FD0Tl8A==",
      "requires": {
        "bops": "0.0.6"
      }
    },
    "content-disposition": {
      "version": "0.5.4",
      "resolved": "https://registry.npmmirror.com/content-disposition/-/content-disposition-0.5.4.tgz",
      "integrity": "sha512-FveZTNuGw04cxlAiWbzi6zTAL/lhehaWbTtgluJh4/E95DqMwTmha3KZN1aAWA8cFIhHzMZUvLevkw5Rqk+tSQ==",
      "requires": {
        "safe-buffer": "5.2.1"
      }
    },
    "content-type": {
      "version": "1.0.4",
      "resolved": "https://registry.npmmirror.com/content-type/-/content-type-1.0.4.tgz",
      "integrity": "sha512-hIP3EEPs8tB9AT1L+NUqtwOAps4mk2Zob89MWXMHjHWg9milF/j4osnnQLXBCBFBk/tvIG/tUc9mOUJiPBhPXA=="
    },
    "cookies": {
      "version": "0.8.0",
      "resolved": "https://registry.npmmirror.com/cookies/-/cookies-0.8.0.tgz",
      "integrity": "sha512-8aPsApQfebXnuI+537McwYsDtjVxGm8gTIzQI3FDW6t5t/DAhERxtnbEPN/8RX+uZthoz4eCOgloXaE5cYyNow==",
      "requires": {
        "depd": "~2.0.0",
        "keygrip": "~1.1.0"
      }
    },
    "csstype": {
      "version": "3.1.1",
      "resolved": "https://registry.npmmirror.com/csstype/-/csstype-3.1.1.tgz",
      "integrity": "sha512-DJR/VvkAvSZW9bTouZue2sSxDwdTN92uHjqeKVm+0dAqdfNykRzQ95tay8aXMBAAPpUiq4Qcug2L7neoRh2Egw==",
      "dev": true
    },
    "debug": {
      "version": "4.3.4",
      "resolved": "https://registry.npmmirror.com/debug/-/debug-4.3.4.tgz",
      "integrity": "sha512-PRWFHuSU3eDtQJPvnNY7Jcket1j0t5OuOsFzPPzsekD52Zl8qUfFIPEiswXqIvHWGVHOgX+7G/vCNNhehwxfkQ==",
      "requires": {
        "ms": "2.1.2"
      }
    },
    "deep-equal": {
      "version": "1.0.1",
      "resolved": "https://registry.npmmirror.com/deep-equal/-/deep-equal-1.0.1.tgz",
      "integrity": "sha512-bHtC0iYvWhyaTzvV3CZgPeZQqCOBGyGsVV7v4eevpdkLHfiSrXUdBG+qAuSz4RI70sszvjQ1QSZ98An1yNwpSw=="
    },
    "delegates": {
      "version": "1.0.0",
      "resolved": "https://registry.npmmirror.com/delegates/-/delegates-1.0.0.tgz",
      "integrity": "sha512-bd2L678uiWATM6m5Z1VzNCErI3jiGzt6HGY8OVICs40JQq/HALfbyNJmp0UDakEY4pMMaN0Ly5om/B1VI/+xfQ=="
    },
    "depd": {
      "version": "2.0.0",
      "resolved": "https://registry.npmmirror.com/depd/-/depd-2.0.0.tgz",
      "integrity": "sha512-g7nH6P6dyDioJogAAGprGpCtVImJhpPk/roCzdb3fIh61/s/nPsfR6onyMwkCAR/OlC3yBC0lESvUoQEAssIrw=="
    },
    "destroy": {
      "version": "1.2.0",
      "resolved": "https://registry.npmmirror.com/destroy/-/destroy-1.2.0.tgz",
      "integrity": "sha512-2sJGJTaXIIaR1w4iJSNoN0hnMY7Gpc/n8D4qSCJw8QqFWXf7cuAgnEHxBpweaVcPevC2l3KpjYCx3NypQQgaJg=="
    },
    "duplexer": {
      "version": "0.0.4",
      "resolved": "https://registry.npmmirror.com/duplexer/-/duplexer-0.0.4.tgz",
      "integrity": "sha512-nO0WWuIDTde3CWK/8IPpG50dyhUilgpsqzYSIP+w20Yh+4iDgb/2Gs75QItcp0Hmx/JtxtTXBalj+LSTD1VemA=="
    },
    "ee-first": {
      "version": "1.1.1",
      "resolved": "https://registry.npmmirror.com/ee-first/-/ee-first-1.1.1.tgz",
      "integrity": "sha512-WMwm9LhRUo+WUaRN+vRuETqG89IgZphVSNkdFgeb6sS/E4OrDIN7t48CAewSHXc6C8lefD8KKfr5vY61brQlow=="
    },
    "encodeurl": {
      "version": "1.0.2",
      "resolved": "https://registry.npmmirror.com/encodeurl/-/encodeurl-1.0.2.tgz",
      "integrity": "sha512-TPJXq8JqFaVYm2CWmPvnP2Iyo4ZSM7/QKcSmuMLDObfpH5fi7RUGmd/rTDf+rut/saiDiQEeVTNgAmJEdAOx0w=="
    },
    "ent": {
      "version": "0.0.7",
      "resolved": "https://registry.npmmirror.com/ent/-/ent-0.0.7.tgz",
      "integrity": "sha512-jh1C3FuR/Ma6BiVNCNoOJ8RXQdX7Dmjx/NFUb+gOMJ0i42aLQfm/ZArI+rscmsK+vgryxMhhKryvFh5pQ/6xcw=="
    },
    "escape-html": {
      "version": "1.0.3",
      "resolved": "https://registry.npmmirror.com/escape-html/-/escape-html-1.0.3.tgz",
      "integrity": "sha512-NiSupZ4OeuGwr68lGIeym/ksIZMJodUGOSCZ/FSnTxcrekbvqrgdUxlJOMpijaKZVjAJrWrGs/6Jy8OMuyj9ow=="
    },
    "fresh": {
      "version": "0.5.2",
      "resolved": "https://registry.npmmirror.com/fresh/-/fresh-0.5.2.tgz",
      "integrity": "sha512-zJ2mQYM18rEFOudeV4GShTGIQ7RbzA7ozbU9I/XBpm7kqgMywgmylMwXHxZJmkVoYkna9d2pVXVXPdYTP9ej8Q=="
    },
    "has-symbols": {
      "version": "1.0.3",
      "resolved": "https://registry.npmmirror.com/has-symbols/-/has-symbols-1.0.3.tgz",
      "integrity": "sha512-l3LCuF6MgDNwTDKkdYGEihYjt5pRPbEg46rtlmnSPlUbgmB8LOIrKJbYYFBSbnPaJexMKtiPO8hmeRjRz2Td+A=="
    },
    "has-tostringtag": {
      "version": "1.0.0",
      "resolved": "https://registry.npmmirror.com/has-tostringtag/-/has-tostringtag-1.0.0.tgz",
      "integrity": "sha512-kFjcSNhnlGV1kyoGk7OXKSawH5JOb/LzUc5w9B02hOTO0dfFRjbHQKvg1d6cf3HbeUmtU9VbbV3qzZ2Teh97WQ==",
      "requires": {
        "has-symbols": "^1.0.2"
      }
    },
    "history": {
      "version": "5.3.0",
      "resolved": "https://registry.npmmirror.com/history/-/history-5.3.0.tgz",
      "integrity": "sha512-ZqaKwjjrAYUYfLG+htGaIIZ4nioX2L70ZUMIFysS3xvBsSG4x/n1V6TXV3N8ZYNuFGlDirFg32T7B6WOUPDYcQ==",
      "requires": {
        "@babel/runtime": "^7.7.6"
      }
    },
    "http-assert": {
      "version": "1.5.0",
      "resolved": "https://registry.npmmirror.com/http-assert/-/http-assert-1.5.0.tgz",
      "integrity": "sha512-uPpH7OKX4H25hBmU6G1jWNaqJGpTXxey+YOUizJUAgu0AjLUeC8D73hTrhvDS5D+GJN1DN1+hhc/eF/wpxtp0w==",
      "requires": {
        "deep-equal": "~1.0.1",
        "http-errors": "~1.8.0"
      }
    },
    "http-errors": {
      "version": "1.8.1",
      "resolved": "https://registry.npmmirror.com/http-errors/-/http-errors-1.8.1.tgz",
      "integrity": "sha512-Kpk9Sm7NmI+RHhnj6OIWDI1d6fIoFAtFt9RLaTMRlg/8w49juAStsrBgp0Dp4OdxdVbRIeKhtCUvoi/RuAhO4g==",
      "requires": {
        "depd": "~1.1.2",
        "inherits": "2.0.4",
        "setprototypeof": "1.2.0",
        "statuses": ">= 1.5.0 < 2",
        "toidentifier": "1.0.1"
      },
      "dependencies": {
        "depd": {
          "version": "1.1.2",
          "resolved": "https://registry.npmmirror.com/depd/-/depd-1.1.2.tgz",
          "integrity": "sha512-7emPTl6Dpo6JRXOXjLRxck+FlLRX5847cLKEn00PLAgc3g2hTZZgr+e4c2v6QpSmLeFP3n5yUo7ft6avBK/5jQ=="
        }
      }
    },
    "hyperstream": {
      "version": "0.3.1",
      "resolved": "https://registry.npmmirror.com/hyperstream/-/hyperstream-0.3.1.tgz",
      "integrity": "sha512-lRxKzv+PPGVXkIwgiYB6N4Pawmthi86zOP9adEGDwSEpiQJtgQd1NS8BcQPUZye6AhrOA3nNWEc3Q9T4TaijkQ==",
      "requires": {
        "concat-stream": "~1.0.0",
        "duplexer": "~0.0.2",
        "through": "~2.3.4",
        "throughout": "~0.0.0",
        "trumpet": "~1.5.0"
      }
    },
    "inherits": {
      "version": "2.0.4",
      "resolved": "https://registry.npmmirror.com/inherits/-/inherits-2.0.4.tgz",
      "integrity": "sha512-k/vGaX4/Yla3WzyMCvTQOXYeIHvqOKtnqBduzTHpzpQZzAskKMhZ2K+EnBiSM9zGSoIFeMpXKxa4dYeZIQqewQ=="
    },
    "is-generator-function": {
      "version": "1.0.10",
      "resolved": "https://registry.npmmirror.com/is-generator-function/-/is-generator-function-1.0.10.tgz",
      "integrity": "sha512-jsEjy9l3yiXEQ+PsXdmBwEPcOxaXWLspKdplFUVI9vq1iZgIekeC0L167qeu86czQaxed3q/Uzuw0swL0irL8A==",
      "requires": {
        "has-tostringtag": "^1.0.0"
      }
    },
    "js-tokens": {
      "version": "4.0.0",
      "resolved": "https://registry.npmmirror.com/js-tokens/-/js-tokens-4.0.0.tgz",
      "integrity": "sha512-RdJUflcE3cUzKiMqQgsCu06FPu9UdIJO0beYbPhHN4k6apgJtifcoCtT9bcxOpYBtpD2kCM6Sbzg4CausW/PKQ=="
    },
    "keygrip": {
      "version": "1.1.0",
      "resolved": "https://registry.npmmirror.com/keygrip/-/keygrip-1.1.0.tgz",
      "integrity": "sha512-iYSchDJ+liQ8iwbSI2QqsQOvqv58eJCEanyJPJi+Khyu8smkcKSFUCbPwzFcL7YVtZ6eONjqRX/38caJ7QjRAQ==",
      "requires": {
        "tsscmp": "1.0.6"
      }
    },
    "koa": {
      "version": "2.13.4",
      "resolved": "https://registry.npmmirror.com/koa/-/koa-2.13.4.tgz",
      "integrity": "sha512-43zkIKubNbnrULWlHdN5h1g3SEKXOEzoAlRsHOTFpnlDu8JlAOZSMJBLULusuXRequboiwJcj5vtYXKB3k7+2g==",
      "requires": {
        "accepts": "^1.3.5",
        "cache-content-type": "^1.0.0",
        "content-disposition": "~0.5.2",
        "content-type": "^1.0.4",
        "cookies": "~0.8.0",
        "debug": "^4.3.2",
        "delegates": "^1.0.0",
        "depd": "^2.0.0",
        "destroy": "^1.0.4",
        "encodeurl": "^1.0.2",
        "escape-html": "^1.0.3",
        "fresh": "~0.5.2",
        "http-assert": "^1.3.0",
        "http-errors": "^1.6.3",
        "is-generator-function": "^1.0.7",
        "koa-compose": "^4.1.0",
        "koa-convert": "^2.0.0",
        "on-finished": "^2.3.0",
        "only": "~0.0.2",
        "parseurl": "^1.3.2",
        "statuses": "^1.5.0",
        "type-is": "^1.6.16",
        "vary": "^1.1.2"
      }
    },
    "koa-compose": {
      "version": "4.1.0",
      "resolved": "https://registry.npmmirror.com/koa-compose/-/koa-compose-4.1.0.tgz",
      "integrity": "sha512-8ODW8TrDuMYvXRwra/Kh7/rJo9BtOfPc6qO8eAfC80CnCvSjSl0bkRM24X6/XBBEyj0v1nRUQ1LyOy3dbqOWXw=="
    },
    "koa-convert": {
      "version": "2.0.0",
      "resolved": "https://registry.npmmirror.com/koa-convert/-/koa-convert-2.0.0.tgz",
      "integrity": "sha512-asOvN6bFlSnxewce2e/DK3p4tltyfC4VM7ZwuTuepI7dEQVcvpyFuBcEARu1+Hxg8DIwytce2n7jrZtRlPrARA==",
      "requires": {
        "co": "^4.6.0",
        "koa-compose": "^4.1.0"
      }
    },
    "koa-dom": {
      "version": "1.0.0",
      "resolved": "https://registry.npmmirror.com/koa-dom/-/koa-dom-1.0.0.tgz",
      "integrity": "sha512-b9uFIh12m+1nHlSV4rK9gpvpwHk+URVj6P8LJ9GllVc0Vf2EdIFEurEhJ3gVHMhhCgGEUn29aXM9cP/1ad5PNA==",
      "requires": {
        "hyperstream": "~0.3.1"
      }
    },
    "loose-envify": {
      "version": "1.4.0",
      "resolved": "https://registry.npmmirror.com/loose-envify/-/loose-envify-1.4.0.tgz",
      "integrity": "sha512-lyuxPGr/Wfhrlem2CL/UcnUc1zcqKAImBDzukY7Y5F/yQiNdko6+fRLevlw1HgMySw7f611UIY408EtxRSoK3Q==",
      "requires": {
        "js-tokens": "^3.0.0 || ^4.0.0"
      }
    },
    "media-typer": {
      "version": "0.3.0",
      "resolved": "https://registry.npmmirror.com/media-typer/-/media-typer-0.3.0.tgz",
      "integrity": "sha512-dq+qelQ9akHpcOl/gUVRTxVIOkAJ1wR3QAvb4RsVjS8oVoFjDGTc679wJYmUmknUF5HwMLOgb5O+a3KxfWapPQ=="
    },
    "methods": {
      "version": "1.1.2",
      "resolved": "https://registry.npmmirror.com/methods/-/methods-1.1.2.tgz",
      "integrity": "sha512-iclAHeNqNm68zFtnZ0e+1L2yUIdvzNoauKU4WBA3VvH/vPFieF7qfRlwUZU+DA9P9bPXIS90ulxoUoCH23sV2w=="
    },
    "mime-db": {
      "version": "1.52.0",
      "resolved": "https://registry.npmmirror.com/mime-db/-/mime-db-1.52.0.tgz",
      "integrity": "sha512-sPU4uV7dYlvtWJxwwxHD0PuihVNiE7TyAbQ5SWxDCB9mUYvOgroQOwYQQOKPJ8CIbE+1ETVlOoK1UC2nU3gYvg=="
    },
    "mime-types": {
      "version": "2.1.35",
      "resolved": "https://registry.npmmirror.com/mime-types/-/mime-types-2.1.35.tgz",
      "integrity": "sha512-ZDY+bPm5zTTF+YpCrAU9nK0UgICYPT0QtT1NZWFv4s++TNkcgVaT0g6+4R2uI4MjQjzysHB1zxuWL50hzaeXiw==",
      "requires": {
        "mime-db": "1.52.0"
      }
    },
    "ms": {
      "version": "2.1.2",
      "resolved": "https://registry.npmmirror.com/ms/-/ms-2.1.2.tgz",
      "integrity": "sha512-sGkPx+VjMtmA6MX27oA4FBFELFCZZ4S4XqeGOXCv68tT+jb3vk/RyaKWP0PTKyWtmLSM0b+adUTEvbs1PEaH2w=="
    },
    "negotiator": {
      "version": "0.6.3",
      "resolved": "https://registry.npmmirror.com/negotiator/-/negotiator-0.6.3.tgz",
      "integrity": "sha512-+EUsqGPLsM+j/zdChZjsnX51g4XrHFOIXwfnCVPGlQk/k5giakcKsuxCObBRu6DSm9opw/O6slWbJdghQM4bBg=="
    },
    "on-finished": {
      "version": "2.4.1",
      "resolved": "https://registry.npmmirror.com/on-finished/-/on-finished-2.4.1.tgz",
      "integrity": "sha512-oVlzkg3ENAhCk2zdv7IJwd/QUD4z2RxRwpkcGY8psCVcCYZNq4wYnVWALHM+brtuJjePWiYF/ClmuDr8Ch5+kg==",
      "requires": {
        "ee-first": "1.1.1"
      }
    },
    "only": {
      "version": "0.0.2",
      "resolved": "https://registry.npmmirror.com/only/-/only-0.0.2.tgz",
      "integrity": "sha512-Fvw+Jemq5fjjyWz6CpKx6w9s7xxqo3+JCyM0WXWeCSOboZ8ABkyvP8ID4CZuChA/wxSx+XSJmdOm8rGVyJ1hdQ=="
    },
    "parseurl": {
      "version": "1.3.3",
      "resolved": "https://registry.npmmirror.com/parseurl/-/parseurl-1.3.3.tgz",
      "integrity": "sha512-CiyeOxFT/JZyN5m0z9PfXw4SCBJ6Sygz1Dpl0wqjlhDEGGBP1GnsUVEL0p63hoG1fcj3fHynXi9NYO4nWOL+qQ=="
    },
    "path-to-regexp": {
      "version": "6.2.1",
      "resolved": "https://registry.npmmirror.com/path-to-regexp/-/path-to-regexp-6.2.1.tgz",
      "integrity": "sha512-JLyh7xT1kizaEvcaXOQwOc2/Yhw6KZOvPf1S8401UyLk86CU79LN3vl7ztXGm/pZ+YjoyAJ4rxmHwbkBXJX+yw=="
    },
    "react": {
      "version": "18.2.0",
      "resolved": "https://registry.npmmirror.com/react/-/react-18.2.0.tgz",
      "integrity": "sha512-/3IjMdb2L9QbBdWiW5e3P2/npwMBaU9mHCSCUzNln0ZCYbcfTsGbTJrU/kGemdH2IWmB2ioZ+zkxtmq6g09fGQ==",
      "requires": {
        "loose-envify": "^1.1.0"
      }
    },
    "react-dom": {
      "version": "18.2.0",
      "resolved": "https://registry.npmmirror.com/react-dom/-/react-dom-18.2.0.tgz",
      "integrity": "sha512-6IMTriUmvsjHUjNtEDudZfuDQUoWXVxKHhlEGSk81n4YFS+r/Kl99wXiwlVXtPBtJenozv2P+hxDsw9eA7Xo6g==",
      "requires": {
        "loose-envify": "^1.1.0",
        "scheduler": "^0.23.0"
      }
    },
    "react-router": {
      "version": "6.3.0",
      "resolved": "https://registry.npmmirror.com/react-router/-/react-router-6.3.0.tgz",
      "integrity": "sha512-7Wh1DzVQ+tlFjkeo+ujvjSqSJmkt1+8JO+T5xklPlgrh70y7ogx75ODRW0ThWhY7S+6yEDks8TYrtQe/aoboBQ==",
      "requires": {
        "history": "^5.2.0"
      }
    },
    "react-router-dom": {
      "version": "6.3.0",
      "resolved": "https://registry.npmmirror.com/react-router-dom/-/react-router-dom-6.3.0.tgz",
      "integrity": "sha512-uaJj7LKytRxZNQV8+RbzJWnJ8K2nPsOOEuX7aQstlMZKQT0164C+X2w6bnkqU3sjtLvpd5ojrezAyfZ1+0sStw==",
      "requires": {
        "history": "^5.2.0",
        "react-router": "6.3.0"
      }
    },
    "regenerator-runtime": {
      "version": "0.13.9",
      "resolved": "https://registry.npmmirror.com/regenerator-runtime/-/regenerator-runtime-0.13.9.tgz",
      "integrity": "sha512-p3VT+cOEgxFsRRA9X4lkI1E+k2/CtnKtU4gcxyaCUreilL/vqI6CdZ3wxVUx3UOUg+gnUOQQcRI7BmSI656MYA=="
    },
    "safe-buffer": {
      "version": "5.2.1",
      "resolved": "https://registry.npmmirror.com/safe-buffer/-/safe-buffer-5.2.1.tgz",
      "integrity": "sha512-rp3So07KcdmmKbGvgaNxQSJr7bGVSVk5S9Eq1F+ppbRo70+YeaDxkw5Dd8NPN+GD6bjnYm2VuPuCXmpuYvmCXQ=="
    },
    "sax": {
      "version": "0.5.8",
      "resolved": "https://registry.npmmirror.com/sax/-/sax-0.5.8.tgz",
      "integrity": "sha512-c0YL9VcSfcdH3F1Qij9qpYJFpKFKMXNOkLWFssBL3RuF7ZS8oZhllR2rWlCRjDTJsfq3R6wbSsaRU6o0rkEdNw=="
    },
    "scheduler": {
      "version": "0.23.0",
      "resolved": "https://registry.npmmirror.com/scheduler/-/scheduler-0.23.0.tgz",
      "integrity": "sha512-CtuThmgHNg7zIZWAXi3AsyIzA3n4xx7aNyjwC2VJldO2LMVDhFK+63xGqq6CsJH4rTAt6/M+N4GhZiDYPx9eUw==",
      "requires": {
        "loose-envify": "^1.1.0"
      }
    },
    "setprototypeof": {
      "version": "1.2.0",
      "resolved": "https://registry.npmmirror.com/setprototypeof/-/setprototypeof-1.2.0.tgz",
      "integrity": "sha512-E5LDX7Wrp85Kil5bhZv46j8jOeboKq5JMmYM3gVGdGH8xFpPWXUMsNrlODCrkoxMEeNi/XZIwuRvY4XNwYMJpw=="
    },
    "statuses": {
      "version": "1.5.0",
      "resolved": "https://registry.npmmirror.com/statuses/-/statuses-1.5.0.tgz",
      "integrity": "sha512-OpZ3zP+jT1PI7I8nemJX4AKmAX070ZkYPVWV/AaKTJl+tXCTGyVdC1a4SL8RUQYEwk/f34ZX8UTykN68FwrqAA=="
    },
    "through": {
      "version": "2.3.8",
      "resolved": "https://registry.npmmirror.com/through/-/through-2.3.8.tgz",
      "integrity": "sha512-w89qg7PI8wAdvX60bMDP+bFoD5Dvhm9oLheFp5O4a2QF0cSBGsBX4qZmadPMvVqlLJBBci+WqGGOAPvcDeNSVg=="
    },
    "throughout": {
      "version": "0.0.0",
      "resolved": "https://registry.npmmirror.com/throughout/-/throughout-0.0.0.tgz",
      "integrity": "sha512-WOr85Dpe0ordFnWwbtUmv/vfENqNFKlOou9UaRzbtAJcnh2GqBQZyclBUij/yRLRc96CxTIbhmLaIchHAmUpJg==",
      "requires": {
        "duplexer": "~0.0.2",
        "through": "~2.3.4"
      }
    },
    "to-utf8": {
      "version": "0.0.1",
      "resolved": "https://registry.npmmirror.com/to-utf8/-/to-utf8-0.0.1.tgz",
      "integrity": "sha512-zks18/TWT1iHO3v0vFp5qLKOG27m67ycq/Y7a7cTiRuUNlc4gf3HGnkRgMv0NyhnfTamtkYBJl+YeD1/j07gBQ=="
    },
    "toidentifier": {
      "version": "1.0.1",
      "resolved": "https://registry.npmmirror.com/toidentifier/-/toidentifier-1.0.1.tgz",
      "integrity": "sha512-o5sSPKEkg/DIQNmH43V0/uerLrpzVedkUh8tGNvaeXpfpuwjKenlSox/2O/BTlZUtEe+JG7s5YhEz608PlAHRA=="
    },
    "trumpet": {
      "version": "1.5.6",
      "resolved": "https://registry.npmmirror.com/trumpet/-/trumpet-1.5.6.tgz",
      "integrity": "sha512-Zl0DzQGlU7elrgx4josN+tdasLeGfYmeRFtauZQLG/KbaF6a4P+Wryvx+CaJwBgDHZUh9A1GAP2n6mTEpBj25w==",
      "requires": {
        "buffers": "~0.1.1",
        "duplexer": "~0.1.1",
        "ent": "~0.0.5",
        "inherits": "~2.0.0",
        "sax": "~0.5.4",
        "through": "~2.3.4"
      },
      "dependencies": {
        "duplexer": {
          "version": "0.1.2",
          "resolved": "https://registry.npmmirror.com/duplexer/-/duplexer-0.1.2.tgz",
          "integrity": "sha512-jtD6YG370ZCIi/9GTaJKQxWTZD045+4R4hTk/x1UyoqadyJ9x9CgSi1RlVDQF8U2sxLLSnFkCaMihqljHIWgMg=="
        }
      }
    },
    "tsscmp": {
      "version": "1.0.6",
      "resolved": "https://registry.npmmirror.com/tsscmp/-/tsscmp-1.0.6.tgz",
      "integrity": "sha512-LxhtAkPDTkVCMQjt2h6eBVY28KCjikZqZfMcC15YBeNjkgUpdCfBu5HoiOTDu86v6smE8yOjyEktJ8hlbANHQA=="
    },
    "type-is": {
      "version": "1.6.18",
      "resolved": "https://registry.npmmirror.com/type-is/-/type-is-1.6.18.tgz",
      "integrity": "sha512-TkRKr9sUTxEH8MdfuCSP7VizJyzRNMjj2J2do2Jr3Kym598JVdEksuzPQCnlFPW4ky9Q+iA+ma9BGm06XQBy8g==",
      "requires": {
        "media-typer": "0.3.0",
        "mime-types": "~2.1.24"
      }
    },
    "typescript": {
      "version": "4.8.3",
      "resolved": "https://registry.npmmirror.com/typescript/-/typescript-4.8.3.tgz",
      "integrity": "sha512-goMHfm00nWPa8UvR/CPSvykqf6dVV8x/dp0c5mFTMTIu0u0FlGWRioyy7Nn0PGAdHxpJZnuO/ut+PpQ8UiHAig==",
      "dev": true
    },
    "use-context-selector": {
      "version": "1.4.1",
      "resolved": "https://registry.npmmirror.com/use-context-selector/-/use-context-selector-1.4.1.tgz",
      "integrity": "sha512-Io2ArvcRO+6MWIhkdfMFt+WKQX+Vb++W8DS2l03z/Vw/rz3BclKpM0ynr4LYGyU85Eke+Yx5oIhTY++QR0ZDoA=="
    },
    "vary": {
      "version": "1.1.2",
      "resolved": "https://registry.npmmirror.com/vary/-/vary-1.1.2.tgz",
      "integrity": "sha512-BNGbWLfd0eUPabhkXUVm0j8uuvREyTh5ovRa/dyow/BqAbZJyC+5fU+IzQOzmAKzYqYRAISoRhdQr3eIZ/PXqg=="
    },
    "ylru": {
      "version": "1.3.2",
      "resolved": "https://registry.npmmirror.com/ylru/-/ylru-1.3.2.tgz",
      "integrity": "sha512-RXRJzMiK6U2ye0BlGGZnmpwJDPgakn6aNQ0A7gHRbD4I0uvK4TW6UqkK1V0pp9jskjJBAXd3dRrbzWkqJ+6cxA=="
    }
  }
}
